// !$*UTF8*$!
{
	archiveVersion = 1;
	classes = {
	};
	objectVersion = 46;
	objects = {

/* Begin PBXBuildFile section */
		0215196814FD3AB5005369EE /* UIKit.framework in Frameworks */ = {isa = PBXBuildFile; fileRef = 0215196714FD3AB5005369EE /* UIKit.framework */; };
		0215196A14FD3AB5005369EE /* Foundation.framework in Frameworks */ = {isa = PBXBuildFile; fileRef = 0215196914FD3AB5005369EE /* Foundation.framework */; };
		0215196C14FD3AB5005369EE /* CoreGraphics.framework in Frameworks */ = {isa = PBXBuildFile; fileRef = 0215196B14FD3AB5005369EE /* CoreGraphics.framework */; };
		0215197214FD3AB5005369EE /* InfoPlist.strings in Resources */ = {isa = PBXBuildFile; fileRef = 0215197014FD3AB5005369EE /* InfoPlist.strings */; };
		0215197414FD3AB5005369EE /* main.m in Sources */ = {isa = PBXBuildFile; fileRef = 0215197314FD3AB5005369EE /* main.m */; };
		0215197814FD3AB5005369EE /* TVAppDelegate.m in Sources */ = {isa = PBXBuildFile; fileRef = 0215197714FD3AB5005369EE /* TVAppDelegate.m */; };
		0215197B14FD3AB5005369EE /* MainStoryboard_iPhone.storyboard in Resources */ = {isa = PBXBuildFile; fileRef = 0215197914FD3AB5005369EE /* MainStoryboard_iPhone.storyboard */; };
		0215197E14FD3AB5005369EE /* MainStoryboard_iPad.storyboard in Resources */ = {isa = PBXBuildFile; fileRef = 0215197C14FD3AB5005369EE /* MainStoryboard_iPad.storyboard */; };
		0215198114FD3AB5005369EE /* TVViewController.m in Sources */ = {isa = PBXBuildFile; fileRef = 0215198014FD3AB5005369EE /* TVViewController.m */; };
/* End PBXBuildFile section */

/* Begin PBXFileReference section */
		0215196314FD3AB5005369EE /* uidemo.app */ = {isa = PBXFileReference; explicitFileType = wrapper.application; includeInIndex = 0; path = uidemo.app; sourceTree = BUILT_PRODUCTS_DIR; };
		0215196714FD3AB5005369EE /* UIKit.framework */ = {isa = PBXFileReference; lastKnownFileType = wrapper.framework; name = UIKit.framework; path = System/Library/Frameworks/UIKit.framework; sourceTree = SDKROOT; };
		0215196914FD3AB5005369EE /* Foundation.framework */ = {isa = PBXFileReference; lastKnownFileType = wrapper.framework; name = Foundation.framework; path = System/Library/Frameworks/Foundation.framework; sourceTree = SDKROOT; };
		0215196B14FD3AB5005369EE /* CoreGraphics.framework */ = {isa = PBXFileReference; lastKnownFileType = wrapper.framework; name = CoreGraphics.framework; path = System/Library/Frameworks/CoreGraphics.framework; sourceTree = SDKROOT; };
		0215196F14FD3AB5005369EE /* uidemo-Info.plist */ = {isa = PBXFileReference; path = "uidemo-Info.plist"; sourceTree = "<group>"; };
		0215197114FD3AB5005369EE /* en */ = {isa = PBXFileReference; lastKnownFileType = text.plist.strings; name = en; path = en.lproj/InfoPlist.strings; sourceTree = "<group>"; };
		0215197314FD3AB5005369EE /* main.m */ = {isa = PBXFileReference; lastKnownFileType = sourcecode.c.objc; path = main.m; sourceTree = "<group>"; };
		0215197514FD3AB5005369EE /* uidemo-Prefix.pch */ = {isa = PBXFileReference; path = "uidemo-Prefix.pch"; sourceTree = "<group>"; };
		0215197614FD3AB5005369EE /* TVAppDelegate.h */ = {isa = PBXFileReference; path = TVAppDelegate.h; sourceTree = "<group>"; };
		0215197714FD3AB5005369EE /* TVAppDelegate.m */ = {isa = PBXFileReference; lastKnownFileType = sourcecode.c.objc; path = TVAppDelegate.m; sourceTree = "<group>"; };
		0215197A14FD3AB5005369EE /* en */ = {isa = PBXFileReference; lastKnownFileType = file.storyboard; name = en; path = en.lproj/MainStoryboard_iPhone.storyboard; sourceTree = "<group>"; };
		0215197D14FD3AB5005369EE /* en */ = {isa = PBXFileReference; lastKnownFileType = file.storyboard; name = en; path = en.lproj/MainStoryboard_iPad.storyboard; sourceTree = "<group>"; };
		0215197F14FD3AB5005369EE /* TVViewController.h */ = {isa = PBXFileReference; path = TVViewController.h; sourceTree = "<group>"; };
		0215198014FD3AB5005369EE /* TVViewController.m */ = {isa = PBXFileReference; lastKnownFileType = sourcecode.c.objc; path = TVViewController.m; sourceTree = "<group>"; };
/* End PBXFileReference section */

/* Begin PBXFrameworksBuildPhase section */
		0215196014FD3AB5005369EE /* Frameworks */ = {
			isa = PBXFrameworksBuildPhase;
			buildActionMask = 2147483647;
			files = (
				0215196814FD3AB5005369EE /* UIKit.framework in Frameworks */,
				0215196A14FD3AB5005369EE /* Foundation.framework in Frameworks */,
				0215196C14FD3AB5005369EE /* CoreGraphics.framework in Frameworks */,
			);
			runOnlyForDeploymentPostprocessing = 0;
		};
/* End PBXFrameworksBuildPhase section */

/* Begin PBXGroup section */
		0215195814FD3AB5005369EE = {
			isa = PBXGroup;
			children = (
				0215196D14FD3AB5005369EE /* uidemo */,
				0215196614FD3AB5005369EE /* Frameworks */,
				0215196414FD3AB5005369EE /* Products */,
			);
			sourceTree = "<group>";
		};
		0215196414FD3AB5005369EE /* Products */ = {
			isa = PBXGroup;
			children = (
				0215196314FD3AB5005369EE /* uidemo.app */,
			);
			name = Products;
			sourceTree = "<group>";
		};
		0215196614FD3AB5005369EE /* Frameworks */ = {
			isa = PBXGroup;
			children = (
				0215196714FD3AB5005369EE /* UIKit.framework */,
				0215196914FD3AB5005369EE /* Foundation.framework */,
				0215196B14FD3AB5005369EE /* CoreGraphics.framework */,
			);
			name = Frameworks;
			sourceTree = "<group>";
		};
		0215196D14FD3AB5005369EE /* uidemo */ = {
			isa = PBXGroup;
			children = (
				0215197614FD3AB5005369EE /* TVAppDelegate.h */,
				0215197714FD3AB5005369EE /* TVAppDelegate.m */,
				0215197914FD3AB5005369EE /* MainStoryboard_iPhone.storyboard */,
				0215197C14FD3AB5005369EE /* MainStoryboard_iPad.storyboard */,
				0215197F14FD3AB5005369EE /* TVViewController.h */,
				0215198014FD3AB5005369EE /* TVViewController.m */,
				0215196E14FD3AB5005369EE /* Supporting Files */,
			);
			path = uidemo;
			sourceTree = "<group>";
		};
		0215196E14FD3AB5005369EE /* Supporting Files */ = {
			isa = PBXGroup;
			children = (
				0215196F14FD3AB5005369EE /* uidemo-Info.plist */,
				0215197014FD3AB5005369EE /* InfoPlist.strings */,
				0215197314FD3AB5005369EE /* main.m */,
				0215197514FD3AB5005369EE /* uidemo-Prefix.pch */,
			);
			name = "Supporting Files";
			sourceTree = "<group>";
		};
/* End PBXGroup section */

/* Begin PBXNativeTarget section */
		0215196214FD3AB5005369EE /* uidemo */ = {
			isa = PBXNativeTarget;
			buildConfigurationList = 0215198414FD3AB5005369EE /* Build configuration list for PBXNativeTarget "uidemo" */;
			buildPhases = (
				0215195F14FD3AB5005369EE /* Sources */,
				0215196014FD3AB5005369EE /* Frameworks */,
				0215196114FD3AB5005369EE /* Resources */,
			);
			buildRules = (
			);
			dependencies = (
			);
			name = uidemo;
			productName = uidemo;
			productReference = 0215196314FD3AB5005369EE /* uidemo.app */;
			productType = "com.apple.product-type.application";
		};
/* End PBXNativeTarget section */

/* Begin PBXProject section */
		0215195A14FD3AB5005369EE /* Project object */ = {
			isa = PBXProject;
			attributes = {
				CLASSPREFIX = TV;
				LastUpgradeCheck = 0430;
				ORGANIZATIONNAME = Itv;
			};
			buildConfigurationList = 0215195D14FD3AB5005369EE /* Build configuration list for PBXProject "uidemo" */;
			compatibilityVersion = "Xcode 3.2";
			developmentRegion = English;
			hasScannedForEncodings = 0;
			knownRegions = (
				en,
			);
			mainGroup = 0215195814FD3AB5005369EE;
			productRefGroup = 0215196414FD3AB5005369EE /* Products */;
			projectDirPath = "";
			projectRoot = "";
			targets = (
				0215196214FD3AB5005369EE /* uidemo */,
			);
		};
/* End PBXProject section */

/* Begin PBXResourcesBuildPhase section */
		0215196114FD3AB5005369EE /* Resources */ = {
			isa = PBXResourcesBuildPhase;
			buildActionMask = 2147483647;
			files = (
				0215197214FD3AB5005369EE /* InfoPlist.strings in Resources */,
				0215197B14FD3AB5005369EE /* MainStoryboard_iPhone.storyboard in Resources */,
				0215197E14FD3AB5005369EE /* MainStoryboard_iPad.storyboard in Resources */,
			);
			runOnlyForDeploymentPostprocessing = 0;
		};
/* End PBXResourcesBuildPhase section */

/* Begin PBXSourcesBuildPhase section */
		0215195F14FD3AB5005369EE /* Sources */ = {
			isa = PBXSourcesBuildPhase;
			buildActionMask = 2147483647;
			files = (
				0215197414FD3AB5005369EE /* main.m in Sources */,
				0215197814FD3AB5005369EE /* TVAppDelegate.m in Sources */,
				0215198114FD3AB5005369EE /* TVViewController.m in Sources */,
			);
			runOnlyForDeploymentPostprocessing = 0;
		};
/* End PBXSourcesBuildPhase section */

/* Begin PBXVariantGroup section */
		0215197014FD3AB5005369EE /* InfoPlist.strings */ = {
			isa = PBXVariantGroup;
			children = (
				0215197114FD3AB5005369EE /* en */,
			);
			name = InfoPlist.strings;
			sourceTree = "<group>";
		};
		0215197914FD3AB5005369EE /* MainStoryboard_iPhone.storyboard */ = {
			isa = PBXVariantGroup;
			children = (
				0215197A14FD3AB5005369EE /* en */,
			);
			name = MainStoryboard_iPhone.storyboard;
			sourceTree = "<group>";
		};
		0215197C14FD3AB5005369EE /* MainStoryboard_iPad.storyboard */ = {
			isa = PBXVariantGroup;
			children = (
				0215197D14FD3AB5005369EE /* en */,
			);
			name = MainStoryboard_iPad.storyboard;
			sourceTree = "<group>";
		};
/* End PBXVariantGroup section */

/* Begin XCBuildConfiguration section */
		0215198214FD3AB5005369EE /* Debug */ = {
			isa = XCBuildConfiguration;
			buildSettings = {
				ALWAYS_SEARCH_USER_PATHS = NO;
				ARCHS = "$(ARCHS_STANDARD_32_BIT)";
				CLANG_ENABLE_OBJC_ARC = YES;
				"CODE_SIGN_IDENTITY[sdk=iphoneos*]" = "iPhone Developer";
				COPY_PHASE_STRIP = NO;
				GCC_C_LANGUAGE_STANDARD = gnu99;
				GCC_DYNAMIC_NO_PIC = NO;
				GCC_OPTIMIZATION_LEVEL = 0;
				GCC_PREPROCESSOR_DEFINITIONS = (
					"DEBUG=1",
					"$(inherited)",
				);
				GCC_SYMBOLS_PRIVATE_EXTERN = NO;
				GCC_VERSION = com.apple.compilers.llvm.clang.1_0;
				GCC_WARN_ABOUT_RETURN_TYPE = YES;
				GCC_WARN_UNINITIALIZED_AUTOS = YES;
				GCC_WARN_UNUSED_VARIABLE = YES;
				IPHONEOS_DEPLOYMENT_TARGET = 5.0;
				SDKROOT = iphoneos;
				TARGETED_DEVICE_FAMILY = "1,2";
			};
			name = Debug;
		};
		0215198314FD3AB5005369EE /* Release */ = {
			isa = XCBuildConfiguration;
			buildSettings = {
				ALWAYS_SEARCH_USER_PATHS = NO;
				ARCHS = "$(ARCHS_STANDARD_32_BIT)";
				CLANG_ENABLE_OBJC_ARC = YES;
				"CODE_SIGN_IDENTITY[sdk=iphoneos*]" = "iPhone Developer";
				COPY_PHASE_STRIP = YES;
				GCC_C_LANGUAGE_STANDARD = gnu99;
				GCC_VERSION = com.apple.compilers.llvm.clang.1_0;
				GCC_WARN_ABOUT_RETURN_TYPE = YES;
				GCC_WARN_UNINITIALIZED_AUTOS = YES;
				GCC_WARN_UNUSED_VARIABLE = YES;
				IPHONEOS_DEPLOYMENT_TARGET = 5.0;
				OTHER_CFLAGS = "-DNS_BLOCK_ASSERTIONS=1";
				SDKROOT = iphoneos;
				TARGETED_DEVICE_FAMILY = "1,2";
				VALIDATE_PRODUCT = YES;
			};
			name = Release;
		};
		0215198514FD3AB5005369EE /* Debug */ = {
			isa = XCBuildConfiguration;
			buildSettings = {
				GCC_PRECOMPILE_PREFIX_HEADER = YES;
				GCC_PREFIX_HEADER = "uidemo/uidemo-Prefix.pch";
				INFOPLIST_FILE = "uidemo/uidemo-Info.plist";
				PRODUCT_NAME = "$(TARGET_NAME)";
				WRAPPER_EXTENSION = app;
			};
			name = Debug;
		};
		0215198614FD3AB5005369EE /* Release */ = {
			isa = XCBuildConfiguration;
			buildSettings = {
				GCC_PRECOMPILE_PREFIX_HEADER = YES;
				GCC_PREFIX_HEADER = "uidemo/uidemo-Prefix.pch";
				INFOPLIST_FILE = "uidemo/uidemo-Info.plist";
				PRODUCT_NAME = "$(TARGET_NAME)";
				WRAPPER_EXTENSION = app;
			};
			name = Release;
		};
/* End XCBuildConfiguration section */

/* Begin XCConfigurationList section */
		0215195D14FD3AB5005369EE /* Build configuration list for PBXProject "uidemo" */ = {
			isa = XCConfigurationList;
			buildConfigurations = (
				0215198214FD3AB5005369EE /* Debug */,
				0215198314FD3AB5005369EE /* Release */,
			);
			defaultConfigurationIsVisible = 0;
			defaultConfigurationName = Release;
		};
		0215198414FD3AB5005369EE /* Build configuration list for PBXNativeTarget "uidemo" */ = {
			isa = XCConfigurationList;
			buildConfigurations = (
				0215198514FD3AB5005369EE /* Debug */,
				0215198614FD3AB5005369EE /* Release */,
			);
			defaultConfigurationIsVisible = 0;
		};
/* End XCConfigurationList section */
	};
	rootObject = 0215195A14FD3AB5005369EE /* Project object */;
}
